
Microsoft Visual Studio Solution File, Format Version 12.00
# Visual Studio Version 17
VisualStudioVersion = 17.3.32929.385
MinimumVisualStudioVersion = 10.0.40219.1
Project("{FAE04EC0-301F-11D3-BF4B-00C04F79EFBC}") = "Strategy", "Strategy\Strategy.csproj", "{B86BE0A5-A5F8-4075-8754-F33CC6728CEE}"
EndProject
Global
	GlobalSection(SolutionConfigurationPlatforms) = preSolution
		Debug|Any CPU = Debug|Any CPU
		Release|Any CPU = Release|Any CPU
	EndGlobalSection
	GlobalSection(ProjectConfigurationPlatforms) = postSolution
		{B86BE0A5-A5F8-4075-8754-F33CC6728CEE}.Debug|Any CPU.ActiveCfg = Debug|Any CPU
		{B86BE0A5-A5F8-4075-8754-F33CC6728CEE}.Debug|Any CPU.Build.0 = Debug|Any CPU
		{B86BE0A5-A5F8-4075-8754-F33CC6728CEE}.Release|Any CPU.ActiveCfg = Release|Any CPU
		{B86BE0A5-A5F8-4075-8754-F33CC6728CEE}.Release|Any CPU.Build.0 = Release|Any CPU
	EndGlobalSection
	GlobalSection(SolutionProperties) = preSolution
		HideSolutionNode = FALSE
	EndGlobalSection
	GlobalSection(ExtensibilityGlobals) = postSolution
		SolutionGuid = {7E57F7EF-BCAF-4F0F-B602-DF30972F0036}
	EndGlobalSection
EndGlobal
